
Microsoft Visual Studio Solution File, Format Version 12.00
# Visual Studio Version 17
VisualStudioVersion = 17.0.31903.59
MinimumVisualStudioVersion = 10.0.40219.1
Project("{2150E333-8FDC-42A3-9474-1A3956D46DE8}") = "Session_2", "Session_2", "{8A8BE5ED-7FF2-4433-8B66-65FCEFF69237}"
EndProject
Project("{FAE04EC0-301F-11D3-BF4B-00C04F79EFBC}") = "thread", "Session_2\thread\thread.csproj", "{62536A2B-213B-4C80-BA58-752CB7B3A483}"
EndProject
Project("{FAE04EC0-301F-11D3-BF4B-00C04F79EFBC}") = "Producer-Consumer Problem", "Session_2\Producer-Consumer Problem\Producer-Consumer Problem.csproj", "{7EAEB023-546C-489E-8395-6EF84CCF2F50}"
EndProject
Project("{FAE04EC0-301F-11D3-BF4B-00C04F79EFBC}") = "Download_URLs_Concurrently", "Session_2\Download_URLs_Concurrently\Download_URLs_Concurrently.csproj", "{05844105-A1B3-42AC-8A3A-04C9FFB52872}"
EndProject
Project("{2150E333-8FDC-42A3-9474-1A3956D46DE8}") = "Logging", "Logging", "{F94ED020-8F1D-47B7-A488-79ABB91D6597}"
EndProject
Project("{FAE04EC0-301F-11D3-BF4B-00C04F79EFBC}") = "TPL", "Session_2\TPL\TPL.csproj", "{6F44BAC7-7E60-46AB-8689-D28B89E8BEE3}"
EndProject
Project("{FAE04EC0-301F-11D3-BF4B-00C04F79EFBC}") = "Log_With_Decorator", "Session_2\Logging\Log_With_Decorator\Log_With_Decorator.csproj", "{5CA2C5E0-CDC7-4B71-A277-E78C0D8456B4}"
EndProject
Project("{FAE04EC0-301F-11D3-BF4B-00C04F79EFBC}") = "Log_With_MediatR", "Session_2\Logging\Log_With_MediatR\Log_With_MediatR.csproj", "{E6BBF6BC-92B1-43A7-8B01-6310BF233339}"
EndProject
Project("{FAE04EC0-301F-11D3-BF4B-00C04F79EFBC}") = "Log_With_Middleware", "Session_2\Logging\Log_With_Middleware\Log_With_Middleware.csproj", "{E2AC5334-0F0C-48BB-AE7A-457A0CB1C1D5}"
EndProject
Project("{FAE04EC0-301F-11D3-BF4B-00C04F79EFBC}") = "Immutable_Object", "Session_2\Immutable_Object\Immutable_Object.csproj", "{09E65F52-51ED-4719-B29C-D285FED96C89}"
EndProject
Project("{FAE04EC0-301F-11D3-BF4B-00C04F79EFBC}") = "Concurrent_Collection", "Session_2\Concurrent_Collection\Concurrent_Collection.csproj", "{7AA9FDF2-073E-494D-A344-458EDA605037}"
EndProject
Project("{2150E333-8FDC-42A3-9474-1A3956D46DE8}") = "Session_3", "Session_3", "{CB739C25-CAFF-4D9E-B0E3-CC6B2D61AC0F}"
EndProject
Project("{FAE04EC0-301F-11D3-BF4B-00C04F79EFBC}") = "ValueType&RefferenceType", "Session_3\ValueType&RefferenceType\ValueType&RefferenceType.csproj", "{D750FE90-C6C3-4505-BDE6-B3D3B1EDB3E6}"
EndProject
Global
	GlobalSection(SolutionConfigurationPlatforms) = preSolution
		Debug|Any CPU = Debug|Any CPU
		Release|Any CPU = Release|Any CPU
	EndGlobalSection
	GlobalSection(SolutionProperties) = preSolution
		HideSolutionNode = FALSE
	EndGlobalSection
	GlobalSection(ProjectConfigurationPlatforms) = postSolution
		{62536A2B-213B-4C80-BA58-752CB7B3A483}.Debug|Any CPU.ActiveCfg = Debug|Any CPU
		{62536A2B-213B-4C80-BA58-752CB7B3A483}.Debug|Any CPU.Build.0 = Debug|Any CPU
		{62536A2B-213B-4C80-BA58-752CB7B3A483}.Release|Any CPU.ActiveCfg = Release|Any CPU
		{62536A2B-213B-4C80-BA58-752CB7B3A483}.Release|Any CPU.Build.0 = Release|Any CPU
		{7EAEB023-546C-489E-8395-6EF84CCF2F50}.Debug|Any CPU.ActiveCfg = Debug|Any CPU
		{7EAEB023-546C-489E-8395-6EF84CCF2F50}.Debug|Any CPU.Build.0 = Debug|Any CPU
		{7EAEB023-546C-489E-8395-6EF84CCF2F50}.Release|Any CPU.ActiveCfg = Release|Any CPU
		{7EAEB023-546C-489E-8395-6EF84CCF2F50}.Release|Any CPU.Build.0 = Release|Any CPU
		{05844105-A1B3-42AC-8A3A-04C9FFB52872}.Debug|Any CPU.ActiveCfg = Debug|Any CPU
		{05844105-A1B3-42AC-8A3A-04C9FFB52872}.Debug|Any CPU.Build.0 = Debug|Any CPU
		{05844105-A1B3-42AC-8A3A-04C9FFB52872}.Release|Any CPU.ActiveCfg = Release|Any CPU
		{05844105-A1B3-42AC-8A3A-04C9FFB52872}.Release|Any CPU.Build.0 = Release|Any CPU
		{77762F7B-15A0-4DF9-9B77-6DF55A8E5DEA}.Debug|Any CPU.ActiveCfg = Debug|Any CPU
		{77762F7B-15A0-4DF9-9B77-6DF55A8E5DEA}.Debug|Any CPU.Build.0 = Debug|Any CPU
		{77762F7B-15A0-4DF9-9B77-6DF55A8E5DEA}.Release|Any CPU.ActiveCfg = Release|Any CPU
		{77762F7B-15A0-4DF9-9B77-6DF55A8E5DEA}.Release|Any CPU.Build.0 = Release|Any CPU
		{6F44BAC7-7E60-46AB-8689-D28B89E8BEE3}.Debug|Any CPU.ActiveCfg = Debug|Any CPU
		{6F44BAC7-7E60-46AB-8689-D28B89E8BEE3}.Debug|Any CPU.Build.0 = Debug|Any CPU
		{6F44BAC7-7E60-46AB-8689-D28B89E8BEE3}.Release|Any CPU.ActiveCfg = Release|Any CPU
		{6F44BAC7-7E60-46AB-8689-D28B89E8BEE3}.Release|Any CPU.Build.0 = Release|Any CPU
		{5CA2C5E0-CDC7-4B71-A277-E78C0D8456B4}.Debug|Any CPU.ActiveCfg = Debug|Any CPU
		{5CA2C5E0-CDC7-4B71-A277-E78C0D8456B4}.Debug|Any CPU.Build.0 = Debug|Any CPU
		{5CA2C5E0-CDC7-4B71-A277-E78C0D8456B4}.Release|Any CPU.ActiveCfg = Release|Any CPU
		{5CA2C5E0-CDC7-4B71-A277-E78C0D8456B4}.Release|Any CPU.Build.0 = Release|Any CPU
		{E6BBF6BC-92B1-43A7-8B01-6310BF233339}.Debug|Any CPU.ActiveCfg = Debug|Any CPU
		{E6BBF6BC-92B1-43A7-8B01-6310BF233339}.Debug|Any CPU.Build.0 = Debug|Any CPU
		{E6BBF6BC-92B1-43A7-8B01-6310BF233339}.Release|Any CPU.ActiveCfg = Release|Any CPU
		{E6BBF6BC-92B1-43A7-8B01-6310BF233339}.Release|Any CPU.Build.0 = Release|Any CPU
		{E2AC5334-0F0C-48BB-AE7A-457A0CB1C1D5}.Debug|Any CPU.ActiveCfg = Debug|Any CPU
		{E2AC5334-0F0C-48BB-AE7A-457A0CB1C1D5}.Debug|Any CPU.Build.0 = Debug|Any CPU
		{E2AC5334-0F0C-48BB-AE7A-457A0CB1C1D5}.Release|Any CPU.ActiveCfg = Release|Any CPU
		{E2AC5334-0F0C-48BB-AE7A-457A0CB1C1D5}.Release|Any CPU.Build.0 = Release|Any CPU
		{09E65F52-51ED-4719-B29C-D285FED96C89}.Debug|Any CPU.ActiveCfg = Debug|Any CPU
		{09E65F52-51ED-4719-B29C-D285FED96C89}.Debug|Any CPU.Build.0 = Debug|Any CPU
		{09E65F52-51ED-4719-B29C-D285FED96C89}.Release|Any CPU.ActiveCfg = Release|Any CPU
		{09E65F52-51ED-4719-B29C-D285FED96C89}.Release|Any CPU.Build.0 = Release|Any CPU
		{7AA9FDF2-073E-494D-A344-458EDA605037}.Debug|Any CPU.ActiveCfg = Debug|Any CPU
		{7AA9FDF2-073E-494D-A344-458EDA605037}.Debug|Any CPU.Build.0 = Debug|Any CPU
		{7AA9FDF2-073E-494D-A344-458EDA605037}.Release|Any CPU.ActiveCfg = Release|Any CPU
		{7AA9FDF2-073E-494D-A344-458EDA605037}.Release|Any CPU.Build.0 = Release|Any CPU
		{D750FE90-C6C3-4505-BDE6-B3D3B1EDB3E6}.Debug|Any CPU.ActiveCfg = Debug|Any CPU
		{D750FE90-C6C3-4505-BDE6-B3D3B1EDB3E6}.Debug|Any CPU.Build.0 = Debug|Any CPU
		{D750FE90-C6C3-4505-BDE6-B3D3B1EDB3E6}.Release|Any CPU.ActiveCfg = Release|Any CPU
		{D750FE90-C6C3-4505-BDE6-B3D3B1EDB3E6}.Release|Any CPU.Build.0 = Release|Any CPU
	EndGlobalSection
	GlobalSection(NestedProjects) = preSolution
		{62536A2B-213B-4C80-BA58-752CB7B3A483} = {8A8BE5ED-7FF2-4433-8B66-65FCEFF69237}
		{7EAEB023-546C-489E-8395-6EF84CCF2F50} = {8A8BE5ED-7FF2-4433-8B66-65FCEFF69237}
		{05844105-A1B3-42AC-8A3A-04C9FFB52872} = {8A8BE5ED-7FF2-4433-8B66-65FCEFF69237}
		{F94ED020-8F1D-47B7-A488-79ABB91D6597} = {8A8BE5ED-7FF2-4433-8B66-65FCEFF69237}
		{77762F7B-15A0-4DF9-9B77-6DF55A8E5DEA} = {F94ED020-8F1D-47B7-A488-79ABB91D6597}
		{6F44BAC7-7E60-46AB-8689-D28B89E8BEE3} = {8A8BE5ED-7FF2-4433-8B66-65FCEFF69237}
		{5CA2C5E0-CDC7-4B71-A277-E78C0D8456B4} = {F94ED020-8F1D-47B7-A488-79ABB91D6597}
		{E6BBF6BC-92B1-43A7-8B01-6310BF233339} = {F94ED020-8F1D-47B7-A488-79ABB91D6597}
		{E2AC5334-0F0C-48BB-AE7A-457A0CB1C1D5} = {F94ED020-8F1D-47B7-A488-79ABB91D6597}
		{09E65F52-51ED-4719-B29C-D285FED96C89} = {8A8BE5ED-7FF2-4433-8B66-65FCEFF69237}
		{7AA9FDF2-073E-494D-A344-458EDA605037} = {8A8BE5ED-7FF2-4433-8B66-65FCEFF69237}
		{D750FE90-C6C3-4505-BDE6-B3D3B1EDB3E6} = {CB739C25-CAFF-4D9E-B0E3-CC6B2D61AC0F}
	EndGlobalSection
EndGlobal
