
Microsoft Visual Studio Solution File, Format Version 12.00
# Visual Studio Version 17
VisualStudioVersion = 17.0.31903.59
MinimumVisualStudioVersion = 10.0.40219.1
Project("{2150E333-8FDC-42A3-9474-1A3956D46DE8}") = "Session_2", "Session_2", "{8A8BE5ED-7FF2-4433-8B66-65FCEFF69237}"
EndProject
Project("{FAE04EC0-301F-11D3-BF4B-00C04F79EFBC}") = "thread", "Session_2\thread\thread.csproj", "{62536A2B-213B-4C80-BA58-752CB7B3A483}"
EndProject
Project("{FAE04EC0-301F-11D3-BF4B-00C04F79EFBC}") = "Producer-Consumer Problem", "Session_2\Producer-Consumer Problem\Producer-Consumer Problem.csproj", "{7EAEB023-546C-489E-8395-6EF84CCF2F50}"
EndProject
Project("{FAE04EC0-301F-11D3-BF4B-00C04F79EFBC}") = "Download_URLs_Concurrently", "Session_2\Download_URLs_Concurrently\Download_URLs_Concurrently.csproj", "{05844105-A1B3-42AC-8A3A-04C9FFB52872}"
EndProject
Project("{2150E333-8FDC-42A3-9474-1A3956D46DE8}") = "Logging", "Logging", "{F94ED020-8F1D-47B7-A488-79ABB91D6597}"
EndProject
Project("{FAE04EC0-301F-11D3-BF4B-00C04F79EFBC}") = "Log_With_ILoger", "Session_2\Logging\Log_With_ILoger\Log_With_ILoger.csproj", "{77762F7B-15A0-4DF9-9B77-6DF55A8E5DEA}"
EndProject
Global
	GlobalSection(SolutionConfigurationPlatforms) = preSolution
		Debug|Any CPU = Debug|Any CPU
		Release|Any CPU = Release|Any CPU
	EndGlobalSection
	GlobalSection(SolutionProperties) = preSolution
		HideSolutionNode = FALSE
	EndGlobalSection
	GlobalSection(ProjectConfigurationPlatforms) = postSolution
		{62536A2B-213B-4C80-BA58-752CB7B3A483}.Debug|Any CPU.ActiveCfg = Debug|Any CPU
		{62536A2B-213B-4C80-BA58-752CB7B3A483}.Debug|Any CPU.Build.0 = Debug|Any CPU
		{62536A2B-213B-4C80-BA58-752CB7B3A483}.Release|Any CPU.ActiveCfg = Release|Any CPU
		{62536A2B-213B-4C80-BA58-752CB7B3A483}.Release|Any CPU.Build.0 = Release|Any CPU
		{7EAEB023-546C-489E-8395-6EF84CCF2F50}.Debug|Any CPU.ActiveCfg = Debug|Any CPU
		{7EAEB023-546C-489E-8395-6EF84CCF2F50}.Debug|Any CPU.Build.0 = Debug|Any CPU
		{7EAEB023-546C-489E-8395-6EF84CCF2F50}.Release|Any CPU.ActiveCfg = Release|Any CPU
		{7EAEB023-546C-489E-8395-6EF84CCF2F50}.Release|Any CPU.Build.0 = Release|Any CPU
		{05844105-A1B3-42AC-8A3A-04C9FFB52872}.Debug|Any CPU.ActiveCfg = Debug|Any CPU
		{05844105-A1B3-42AC-8A3A-04C9FFB52872}.Debug|Any CPU.Build.0 = Debug|Any CPU
		{05844105-A1B3-42AC-8A3A-04C9FFB52872}.Release|Any CPU.ActiveCfg = Release|Any CPU
		{05844105-A1B3-42AC-8A3A-04C9FFB52872}.Release|Any CPU.Build.0 = Release|Any CPU
		{77762F7B-15A0-4DF9-9B77-6DF55A8E5DEA}.Debug|Any CPU.ActiveCfg = Debug|Any CPU
		{77762F7B-15A0-4DF9-9B77-6DF55A8E5DEA}.Debug|Any CPU.Build.0 = Debug|Any CPU
		{77762F7B-15A0-4DF9-9B77-6DF55A8E5DEA}.Release|Any CPU.ActiveCfg = Release|Any CPU
		{77762F7B-15A0-4DF9-9B77-6DF55A8E5DEA}.Release|Any CPU.Build.0 = Release|Any CPU
	EndGlobalSection
	GlobalSection(NestedProjects) = preSolution
		{62536A2B-213B-4C80-BA58-752CB7B3A483} = {8A8BE5ED-7FF2-4433-8B66-65FCEFF69237}
		{7EAEB023-546C-489E-8395-6EF84CCF2F50} = {8A8BE5ED-7FF2-4433-8B66-65FCEFF69237}
		{05844105-A1B3-42AC-8A3A-04C9FFB52872} = {8A8BE5ED-7FF2-4433-8B66-65FCEFF69237}
		{F94ED020-8F1D-47B7-A488-79ABB91D6597} = {8A8BE5ED-7FF2-4433-8B66-65FCEFF69237}
		{77762F7B-15A0-4DF9-9B77-6DF55A8E5DEA} = {F94ED020-8F1D-47B7-A488-79ABB91D6597}
	EndGlobalSection
EndGlobal
