Microsoft Visual Studio Solution File, Format Version 12.00
# Visual Studio Version 17
VisualStudioVersion = 17.5.2.0
MinimumVisualStudioVersion = 10.0.40219.1
Project("{FAE04EC0-301F-11D3-BF4B-00C04F79EFBC}") = "ValueType&RefferenceType", "ValueType&RefferenceType.csproj", "{D4C13D1A-EE8A-5972-7003-2CC1D71FA3A6}"
EndProject
Global
	GlobalSection(SolutionConfigurationPlatforms) = preSolution
		Debug|Any CPU = Debug|Any CPU
		Release|Any CPU = Release|Any CPU
	EndGlobalSection
	GlobalSection(ProjectConfigurationPlatforms) = postSolution
		{D4C13D1A-EE8A-5972-7003-2CC1D71FA3A6}.Debug|Any CPU.ActiveCfg = Debug|Any CPU
		{D4C13D1A-EE8A-5972-7003-2CC1D71FA3A6}.Debug|Any CPU.Build.0 = Debug|Any CPU
		{D4C13D1A-EE8A-5972-7003-2CC1D71FA3A6}.Release|Any CPU.ActiveCfg = Release|Any CPU
		{D4C13D1A-EE8A-5972-7003-2CC1D71FA3A6}.Release|Any CPU.Build.0 = Release|Any CPU
	EndGlobalSection
	GlobalSection(SolutionProperties) = preSolution
		HideSolutionNode = FALSE
	EndGlobalSection
	GlobalSection(ExtensibilityGlobals) = postSolution
		SolutionGuid = {97E9D32C-2629-43E5-9BDB-F1289C259D26}
	EndGlobalSection
EndGlobal
