Microsoft Visual Studio Solution File, Format Version 12.00
# Visual Studio Version 17
VisualStudioVersion = 17.5.2.0
MinimumVisualStudioVersion = 10.0.40219.1
Project("{FAE04EC0-301F-11D3-BF4B-00C04F79EFBC}") = "TPL", "TPL.csproj", "{4BDE91CF-1736-7198-A4F1-42FE8FC82CCC}"
EndProject
Global
	GlobalSection(SolutionConfigurationPlatforms) = preSolution
		Debug|Any CPU = Debug|Any CPU
		Release|Any CPU = Release|Any CPU
	EndGlobalSection
	GlobalSection(ProjectConfigurationPlatforms) = postSolution
		{4BDE91CF-1736-7198-A4F1-42FE8FC82CCC}.Debug|Any CPU.ActiveCfg = Debug|Any CPU
		{4BDE91CF-1736-7198-A4F1-42FE8FC82CCC}.Debug|Any CPU.Build.0 = Debug|Any CPU
		{4BDE91CF-1736-7198-A4F1-42FE8FC82CCC}.Release|Any CPU.ActiveCfg = Release|Any CPU
		{4BDE91CF-1736-7198-A4F1-42FE8FC82CCC}.Release|Any CPU.Build.0 = Release|Any CPU
	EndGlobalSection
	GlobalSection(SolutionProperties) = preSolution
		HideSolutionNode = FALSE
	EndGlobalSection
	GlobalSection(ExtensibilityGlobals) = postSolution
		SolutionGuid = {808B59B4-65C2-409C-8C73-310208F9627A}
	EndGlobalSection
EndGlobal
