Microsoft Visual Studio Solution File, Format Version 12.00
# Visual Studio Version 17
VisualStudioVersion = 17.5.2.0
MinimumVisualStudioVersion = 10.0.40219.1
Project("{FAE04EC0-301F-11D3-BF4B-00C04F79EFBC}") = "Log_With_Decorator", "Log_With_Decorator.csproj", "{08E73411-6709-3977-3969-7500DBF6CBCB}"
EndProject
Global
	GlobalSection(SolutionConfigurationPlatforms) = preSolution
		Debug|Any CPU = Debug|Any CPU
		Release|Any CPU = Release|Any CPU
	EndGlobalSection
	GlobalSection(ProjectConfigurationPlatforms) = postSolution
		{08E73411-6709-3977-3969-7500DBF6CBCB}.Debug|Any CPU.ActiveCfg = Debug|Any CPU
		{08E73411-6709-3977-3969-7500DBF6CBCB}.Debug|Any CPU.Build.0 = Debug|Any CPU
		{08E73411-6709-3977-3969-7500DBF6CBCB}.Release|Any CPU.ActiveCfg = Release|Any CPU
		{08E73411-6709-3977-3969-7500DBF6CBCB}.Release|Any CPU.Build.0 = Release|Any CPU
	EndGlobalSection
	GlobalSection(SolutionProperties) = preSolution
		HideSolutionNode = FALSE
	EndGlobalSection
	GlobalSection(ExtensibilityGlobals) = postSolution
		SolutionGuid = {5413D1C8-1E63-4EDB-908A-39D095A3B1D7}
	EndGlobalSection
EndGlobal
